
Microsoft Visual Studio Solution File, Format Version 12.00
# Visual Studio Version 16
VisualStudioVersion = 16.0.30320.27
MinimumVisualStudioVersion = 10.0.40219.1
Project("{FAE04EC0-301F-11D3-BF4B-00C04F79EFBC}") = "ConsciousConnections", "ConsciousConnections\ConsciousConnections.csproj", "{41A99C9A-386D-4FF8-902F-BE6BA4349640}"
EndProject
Project("{FAE04EC0-301F-11D3-BF4B-00C04F79EFBC}") = "ConsciousConnections.Data", "ConsciousConnections.Data\ConsciousConnections.Data.csproj", "{348B5AE6-E0E5-4AF6-BE80-35BB780C3249}"
EndProject
Project("{FAE04EC0-301F-11D3-BF4B-00C04F79EFBC}") = "ConsciousConnections.Models", "ConsciousConnections.Models\ConsciousConnections.Models.csproj", "{2AFEA47C-7601-42C7-B4CA-3EEE65DCE161}"
EndProject
Project("{FAE04EC0-301F-11D3-BF4B-00C04F79EFBC}") = "ConsciousConnections.Services", "ConsciousConnections.Services\ConsciousConnections.Services.csproj", "{6ACD1BCD-DD17-4B27-AAE2-ECE87FABDD59}"
EndProject
Project("{FAE04EC0-301F-11D3-BF4B-00C04F79EFBC}") = "ConsciousConnections.Contracts", "ConsciousConnections.Contracts\ConsciousConnections.Contracts.csproj", "{B3EA18BE-81FF-4AFA-88C0-FEDBC9D20EB0}"
EndProject
Global
	GlobalSection(SolutionConfigurationPlatforms) = preSolution
		Debug|Any CPU = Debug|Any CPU
		Release|Any CPU = Release|Any CPU
	EndGlobalSection
	GlobalSection(ProjectConfigurationPlatforms) = postSolution
		{41A99C9A-386D-4FF8-902F-BE6BA4349640}.Debug|Any CPU.ActiveCfg = Debug|Any CPU
		{41A99C9A-386D-4FF8-902F-BE6BA4349640}.Debug|Any CPU.Build.0 = Debug|Any CPU
		{41A99C9A-386D-4FF8-902F-BE6BA4349640}.Release|Any CPU.ActiveCfg = Release|Any CPU
		{41A99C9A-386D-4FF8-902F-BE6BA4349640}.Release|Any CPU.Build.0 = Release|Any CPU
		{348B5AE6-E0E5-4AF6-BE80-35BB780C3249}.Debug|Any CPU.ActiveCfg = Debug|Any CPU
		{348B5AE6-E0E5-4AF6-BE80-35BB780C3249}.Debug|Any CPU.Build.0 = Debug|Any CPU
		{348B5AE6-E0E5-4AF6-BE80-35BB780C3249}.Release|Any CPU.ActiveCfg = Release|Any CPU
		{348B5AE6-E0E5-4AF6-BE80-35BB780C3249}.Release|Any CPU.Build.0 = Release|Any CPU
		{2AFEA47C-7601-42C7-B4CA-3EEE65DCE161}.Debug|Any CPU.ActiveCfg = Debug|Any CPU
		{2AFEA47C-7601-42C7-B4CA-3EEE65DCE161}.Debug|Any CPU.Build.0 = Debug|Any CPU
		{2AFEA47C-7601-42C7-B4CA-3EEE65DCE161}.Release|Any CPU.ActiveCfg = Release|Any CPU
		{2AFEA47C-7601-42C7-B4CA-3EEE65DCE161}.Release|Any CPU.Build.0 = Release|Any CPU
		{6ACD1BCD-DD17-4B27-AAE2-ECE87FABDD59}.Debug|Any CPU.ActiveCfg = Debug|Any CPU
		{6ACD1BCD-DD17-4B27-AAE2-ECE87FABDD59}.Debug|Any CPU.Build.0 = Debug|Any CPU
		{6ACD1BCD-DD17-4B27-AAE2-ECE87FABDD59}.Release|Any CPU.ActiveCfg = Release|Any CPU
		{6ACD1BCD-DD17-4B27-AAE2-ECE87FABDD59}.Release|Any CPU.Build.0 = Release|Any CPU
		{B3EA18BE-81FF-4AFA-88C0-FEDBC9D20EB0}.Debug|Any CPU.ActiveCfg = Debug|Any CPU
		{B3EA18BE-81FF-4AFA-88C0-FEDBC9D20EB0}.Debug|Any CPU.Build.0 = Debug|Any CPU
		{B3EA18BE-81FF-4AFA-88C0-FEDBC9D20EB0}.Release|Any CPU.ActiveCfg = Release|Any CPU
		{B3EA18BE-81FF-4AFA-88C0-FEDBC9D20EB0}.Release|Any CPU.Build.0 = Release|Any CPU
	EndGlobalSection
	GlobalSection(SolutionProperties) = preSolution
		HideSolutionNode = FALSE
	EndGlobalSection
	GlobalSection(ExtensibilityGlobals) = postSolution
		SolutionGuid = {CB0C9F57-66B9-4E7A-A3DB-AFCA37456779}
	EndGlobalSection
EndGlobal
